// !$*UTF8*$!
{
	archiveVersion = 1;
	classes = {
	};
	objectVersion = 50;
	objects = {

/* Begin PBXBuildFile section */
		8B42D129207ACCD7003428B4 /* TwoBitLabs.framework in Frameworks */ = {isa = PBXBuildFile; fileRef = 8B42D128207ACCD7003428B4 /* TwoBitLabs.framework */; };
		8B42D12A207ACCE5003428B4 /* TwoBitLabs.framework in Frameworks */ = {isa = PBXBuildFile; fileRef = 8B42D128207ACCD7003428B4 /* TwoBitLabs.framework */; };
		8B42D12B207ACCE5003428B4 /* TwoBitLabs.framework in Embed Frameworks */ = {isa = PBXBuildFile; fileRef = 8B42D128207ACCD7003428B4 /* TwoBitLabs.framework */; settings = {ATTRIBUTES = (CodeSignOnCopy, RemoveHeadersOnCopy, ); }; };
		8BC981EA207AAB0500001EB5 /* AppDelegate.swift in Sources */ = {isa = PBXBuildFile; fileRef = 8BC981E9207AAB0500001EB5 /* AppDelegate.swift */; };
		8BC981EC207AAB0500001EB5 /* ViewController.swift in Sources */ = {isa = PBXBuildFile; fileRef = 8BC981EB207AAB0500001EB5 /* ViewController.swift */; };
		8BC981EF207AAB0500001EB5 /* Main.storyboard in Resources */ = {isa = PBXBuildFile; fileRef = 8BC981ED207AAB0500001EB5 /* Main.storyboard */; };
		8BC981F1207AAB0600001EB5 /* Assets.xcassets in Resources */ = {isa = PBXBuildFile; fileRef = 8BC981F0207AAB0600001EB5 /* Assets.xcassets */; };
		8BC981F4207AAB0600001EB5 /* LaunchScreen.storyboard in Resources */ = {isa = PBXBuildFile; fileRef = 8BC981F2207AAB0600001EB5 /* LaunchScreen.storyboard */; };
		8BC981FF207AAB0600001EB5 /* TwoBitWeatherTests.swift in Sources */ = {isa = PBXBuildFile; fileRef = 8BC981FE207AAB0600001EB5 /* TwoBitWeatherTests.swift */; };
/* End PBXBuildFile section */

/* Begin PBXContainerItemProxy section */
		8BC981FB207AAB0600001EB5 /* PBXContainerItemProxy */ = {
			isa = PBXContainerItemProxy;
			containerPortal = 8BC981DE207AAB0500001EB5 /* Project object */;
			proxyType = 1;
			remoteGlobalIDString = 8BC981E5207AAB0500001EB5;
			remoteInfo = TwoBitWeather;
		};
/* End PBXContainerItemProxy section */

/* Begin PBXCopyFilesBuildPhase section */
		8B42D127207ACAD8003428B4 /* Embed Frameworks */ = {
			isa = PBXCopyFilesBuildPhase;
			buildActionMask = 2147483647;
			dstPath = "";
			dstSubfolderSpec = 10;
			files = (
				8B42D12B207ACCE5003428B4 /* TwoBitLabs.framework in Embed Frameworks */,
			);
			name = "Embed Frameworks";
			runOnlyForDeploymentPostprocessing = 0;
		};
/* End PBXCopyFilesBuildPhase section */

/* Begin PBXFileReference section */
		8B42D128207ACCD7003428B4 /* TwoBitLabs.framework */ = {isa = PBXFileReference; lastKnownFileType = wrapper.framework; name = TwoBitLabs.framework; path = build/TwoBitLabs.framework; sourceTree = "<group>"; };
		8BC981E6207AAB0500001EB5 /* TwoBitWeather.app */ = {isa = PBXFileReference; explicitFileType = wrapper.application; includeInIndex = 0; path = TwoBitWeather.app; sourceTree = BUILT_PRODUCTS_DIR; };
		8BC981E9207AAB0500001EB5 /* AppDelegate.swift */ = {isa = PBXFileReference; lastKnownFileType = sourcecode.swift; path = AppDelegate.swift; sourceTree = "<group>"; };
		8BC981EB207AAB0500001EB5 /* ViewController.swift */ = {isa = PBXFileReference; lastKnownFileType = sourcecode.swift; path = ViewController.swift; sourceTree = "<group>"; };
		8BC981EE207AAB0500001EB5 /* Base */ = {isa = PBXFileReference; lastKnownFileType = file.storyboard; name = Base; path = Base.lproj/Main.storyboard; sourceTree = "<group>"; };
		8BC981F0207AAB0600001EB5 /* Assets.xcassets */ = {isa = PBXFileReference; lastKnownFileType = folder.assetcatalog; path = Assets.xcassets; sourceTree = "<group>"; };
		8BC981F3207AAB0600001EB5 /* Base */ = {isa = PBXFileReference; lastKnownFileType = file.storyboard; name = Base; path = Base.lproj/LaunchScreen.storyboard; sourceTree = "<group>"; };
		8BC981F5207AAB0600001EB5 /* Info.plist */ = {isa = PBXFileReference; lastKnownFileType = text.plist.xml; path = Info.plist; sourceTree = "<group>"; };
		8BC981FA207AAB0600001EB5 /* TwoBitWeatherTests.xctest */ = {isa = PBXFileReference; explicitFileType = wrapper.cfbundle; includeInIndex = 0; path = TwoBitWeatherTests.xctest; sourceTree = BUILT_PRODUCTS_DIR; };
		8BC981FE207AAB0600001EB5 /* TwoBitWeatherTests.swift */ = {isa = PBXFileReference; lastKnownFileType = sourcecode.swift; path = TwoBitWeatherTests.swift; sourceTree = "<group>"; };
		8BC98200207AAB0600001EB5 /* Info.plist */ = {isa = PBXFileReference; lastKnownFileType = text.plist.xml; path = Info.plist; sourceTree = "<group>"; };
/* End PBXFileReference section */

/* Begin PBXFrameworksBuildPhase section */
		8BC981E3207AAB0500001EB5 /* Frameworks */ = {
			isa = PBXFrameworksBuildPhase;
			buildActionMask = 2147483647;
			files = (
				8B42D129207ACCD7003428B4 /* TwoBitLabs.framework in Frameworks */,
				8B42D12A207ACCE5003428B4 /* TwoBitLabs.framework in Frameworks */,
			);
			runOnlyForDeploymentPostprocessing = 0;
		};
		8BC981F7207AAB0600001EB5 /* Frameworks */ = {
			isa = PBXFrameworksBuildPhase;
			buildActionMask = 2147483647;
			files = (
			);
			runOnlyForDeploymentPostprocessing = 0;
		};
/* End PBXFrameworksBuildPhase section */

/* Begin PBXGroup section */
		8B42D122207ACA62003428B4 /* Frameworks */ = {
			isa = PBXGroup;
			children = (
				8B42D128207ACCD7003428B4 /* TwoBitLabs.framework */,
			);
			name = Frameworks;
			sourceTree = "<group>";
		};
		8BC981DD207AAB0500001EB5 = {
			isa = PBXGroup;
			children = (
				8BC981E8207AAB0500001EB5 /* TwoBitWeather */,
				8BC981FD207AAB0600001EB5 /* TwoBitWeatherTests */,
				8BC981E7207AAB0500001EB5 /* Products */,
				8B42D122207ACA62003428B4 /* Frameworks */,
			);
			sourceTree = "<group>";
		};
		8BC981E7207AAB0500001EB5 /* Products */ = {
			isa = PBXGroup;
			children = (
				8BC981E6207AAB0500001EB5 /* TwoBitWeather.app */,
				8BC981FA207AAB0600001EB5 /* TwoBitWeatherTests.xctest */,
			);
			name = Products;
			sourceTree = "<group>";
		};
		8BC981E8207AAB0500001EB5 /* TwoBitWeather */ = {
			isa = PBXGroup;
			children = (
				8BC981E9207AAB0500001EB5 /* AppDelegate.swift */,
				8BC981EB207AAB0500001EB5 /* ViewController.swift */,
				8BC981ED207AAB0500001EB5 /* Main.storyboard */,
				8BC981F0207AAB0600001EB5 /* Assets.xcassets */,
				8BC981F2207AAB0600001EB5 /* LaunchScreen.storyboard */,
				8BC981F5207AAB0600001EB5 /* Info.plist */,
			);
			path = TwoBitWeather;
			sourceTree = "<group>";
		};
		8BC981FD207AAB0600001EB5 /* TwoBitWeatherTests */ = {
			isa = PBXGroup;
			children = (
				8BC981FE207AAB0600001EB5 /* TwoBitWeatherTests.swift */,
				8BC98200207AAB0600001EB5 /* Info.plist */,
			);
			path = TwoBitWeatherTests;
			sourceTree = "<group>";
		};
/* End PBXGroup section */

/* Begin PBXNativeTarget section */
		8BC981E5207AAB0500001EB5 /* TwoBitWeather */ = {
			isa = PBXNativeTarget;
			buildConfigurationList = 8BC98203207AAB0600001EB5 /* Build configuration list for PBXNativeTarget "TwoBitWeather" */;
			buildPhases = (
				8BC98209207AB23A00001EB5 /* Compile Kotlin Framework */,
				8BC981E2207AAB0500001EB5 /* Sources */,
				8BC981E3207AAB0500001EB5 /* Frameworks */,
				8BC981E4207AAB0500001EB5 /* Resources */,
				8B42D127207ACAD8003428B4 /* Embed Frameworks */,
			);
			buildRules = (
			);
			dependencies = (
			);
			name = TwoBitWeather;
			productName = TwoBitWeather;
			productReference = 8BC981E6207AAB0500001EB5 /* TwoBitWeather.app */;
			productType = "com.apple.product-type.application";
		};
		8BC981F9207AAB0600001EB5 /* TwoBitWeatherTests */ = {
			isa = PBXNativeTarget;
			buildConfigurationList = 8BC98206207AAB0600001EB5 /* Build configuration list for PBXNativeTarget "TwoBitWeatherTests" */;
			buildPhases = (
				8BC981F6207AAB0600001EB5 /* Sources */,
				8BC981F7207AAB0600001EB5 /* Frameworks */,
				8BC981F8207AAB0600001EB5 /* Resources */,
			);
			buildRules = (
			);
			dependencies = (
				8BC981FC207AAB0600001EB5 /* PBXTargetDependency */,
			);
			name = TwoBitWeatherTests;
			productName = TwoBitWeatherTests;
			productReference = 8BC981FA207AAB0600001EB5 /* TwoBitWeatherTests.xctest */;
			productType = "com.apple.product-type.bundle.unit-test";
		};
/* End PBXNativeTarget section */

/* Begin PBXProject section */
		8BC981DE207AAB0500001EB5 /* Project object */ = {
			isa = PBXProject;
			attributes = {
				LastSwiftUpdateCheck = 0930;
				LastUpgradeCheck = 0930;
				ORGANIZATIONNAME = "Two Bit Labs LLC";
				TargetAttributes = {
					8BC981E5207AAB0500001EB5 = {
						CreatedOnToolsVersion = 9.3;
					};
					8BC981F9207AAB0600001EB5 = {
						CreatedOnToolsVersion = 9.3;
						TestTargetID = 8BC981E5207AAB0500001EB5;
					};
				};
			};
			buildConfigurationList = 8BC981E1207AAB0500001EB5 /* Build configuration list for PBXProject "TwoBitWeather" */;
			compatibilityVersion = "Xcode 9.3";
			developmentRegion = en;
			hasScannedForEncodings = 0;
			knownRegions = (
				en,
				Base,
			);
			mainGroup = 8BC981DD207AAB0500001EB5;
			productRefGroup = 8BC981E7207AAB0500001EB5 /* Products */;
			projectDirPath = "";
			projectRoot = "";
			targets = (
				8BC981E5207AAB0500001EB5 /* TwoBitWeather */,
				8BC981F9207AAB0600001EB5 /* TwoBitWeatherTests */,
			);
		};
/* End PBXProject section */

/* Begin PBXResourcesBuildPhase section */
		8BC981E4207AAB0500001EB5 /* Resources */ = {
			isa = PBXResourcesBuildPhase;
			buildActionMask = 2147483647;
			files = (
				8BC981F4207AAB0600001EB5 /* LaunchScreen.storyboard in Resources */,
				8BC981F1207AAB0600001EB5 /* Assets.xcassets in Resources */,
				8BC981EF207AAB0500001EB5 /* Main.storyboard in Resources */,
			);
			runOnlyForDeploymentPostprocessing = 0;
		};
		8BC981F8207AAB0600001EB5 /* Resources */ = {
			isa = PBXResourcesBuildPhase;
			buildActionMask = 2147483647;
			files = (
			);
			runOnlyForDeploymentPostprocessing = 0;
		};
/* End PBXResourcesBuildPhase section */

/* Begin PBXShellScriptBuildPhase section */
		8BC98209207AB23A00001EB5 /* Compile Kotlin Framework */ = {
			isa = PBXShellScriptBuildPhase;
			buildActionMask = 2147483647;
			files = (
			);
			inputPaths = (
			);
			name = "Compile Kotlin Framework";
			outputPaths = (
			);
			runOnlyForDeploymentPostprocessing = 0;
			shellPath = /bin/sh;
			shellScript = "case \"$PLATFORM_NAME\" in\niphoneos)\nNAME=iphone\n;;\niphonesimulator)\nNAME=iphone_sim\n;;\n*)\necho \"Unknown platform: $PLATFORN_NAME\"\nexit 1\n;;\nesac\n\necho XXXXX\necho $NAME\necho XXXXX\n\n\"$SRCROOT/../gradlew\" -p \"$SRCROOT/../platforms/ios\" \"build\"\nrm -rf \"$SRCROOT/build/\"\nmkdir \"$SRCROOT/build/\"\ncp -a \"$SRCROOT/../platforms/ios/build/konan/bin/$NAME/\" \"$SRCROOT/build/\"";
		};
/* End PBXShellScriptBuildPhase section */

/* Begin PBXSourcesBuildPhase section */
		8BC981E2207AAB0500001EB5 /* Sources */ = {
			isa = PBXSourcesBuildPhase;
			buildActionMask = 2147483647;
			files = (
				8BC981EC207AAB0500001EB5 /* ViewController.swift in Sources */,
				8BC981EA207AAB0500001EB5 /* AppDelegate.swift in Sources */,
			);
			runOnlyForDeploymentPostprocessing = 0;
		};
		8BC981F6207AAB0600001EB5 /* Sources */ = {
			isa = PBXSourcesBuildPhase;
			buildActionMask = 2147483647;
			files = (
				8BC981FF207AAB0600001EB5 /* TwoBitWeatherTests.swift in Sources */,
			);
			runOnlyForDeploymentPostprocessing = 0;
		};
/* End PBXSourcesBuildPhase section */

/* Begin PBXTargetDependency section */
		8BC981FC207AAB0600001EB5 /* PBXTargetDependency */ = {
			isa = PBXTargetDependency;
			target = 8BC981E5207AAB0500001EB5 /* TwoBitWeather */;
			targetProxy = 8BC981FB207AAB0600001EB5 /* PBXContainerItemProxy */;
		};
/* End PBXTargetDependency section */

/* Begin PBXVariantGroup section */
		8BC981ED207AAB0500001EB5 /* Main.storyboard */ = {
			isa = PBXVariantGroup;
			children = (
				8BC981EE207AAB0500001EB5 /* Base */,
			);
			name = Main.storyboard;
			sourceTree = "<group>";
		};
		8BC981F2207AAB0600001EB5 /* LaunchScreen.storyboard */ = {
			isa = PBXVariantGroup;
			children = (
				8BC981F3207AAB0600001EB5 /* Base */,
			);
			name = LaunchScreen.storyboard;
			sourceTree = "<group>";
		};
/* End PBXVariantGroup section */

/* Begin XCBuildConfiguration section */
		8BC98201207AAB0600001EB5 /* Debug */ = {
			isa = XCBuildConfiguration;
			buildSettings = {
				ALWAYS_SEARCH_USER_PATHS = NO;
				CLANG_ANALYZER_NONNULL = YES;
				CLANG_ANALYZER_NUMBER_OBJECT_CONVERSION = YES_AGGRESSIVE;
				CLANG_CXX_LANGUAGE_STANDARD = "gnu++14";
				CLANG_CXX_LIBRARY = "libc++";
				CLANG_ENABLE_MODULES = YES;
				CLANG_ENABLE_OBJC_ARC = YES;
				CLANG_ENABLE_OBJC_WEAK = YES;
				CLANG_WARN_BLOCK_CAPTURE_AUTORELEASING = YES;
				CLANG_WARN_BOOL_CONVERSION = YES;
				CLANG_WARN_COMMA = YES;
				CLANG_WARN_CONSTANT_CONVERSION = YES;
				CLANG_WARN_DEPRECATED_OBJC_IMPLEMENTATIONS = YES;
				CLANG_WARN_DIRECT_OBJC_ISA_USAGE = YES_ERROR;
				CLANG_WARN_DOCUMENTATION_COMMENTS = YES;
				CLANG_WARN_EMPTY_BODY = YES;
				CLANG_WARN_ENUM_CONVERSION = YES;
				CLANG_WARN_INFINITE_RECURSION = YES;
				CLANG_WARN_INT_CONVERSION = YES;
				CLANG_WARN_NON_LITERAL_NULL_CONVERSION = YES;
				CLANG_WARN_OBJC_IMPLICIT_RETAIN_SELF = YES;
				CLANG_WARN_OBJC_LITERAL_CONVERSION = YES;
				CLANG_WARN_OBJC_ROOT_CLASS = YES_ERROR;
				CLANG_WARN_RANGE_LOOP_ANALYSIS = YES;
				CLANG_WARN_STRICT_PROTOTYPES = YES;
				CLANG_WARN_SUSPICIOUS_MOVE = YES;
				CLANG_WARN_UNGUARDED_AVAILABILITY = YES_AGGRESSIVE;
				CLANG_WARN_UNREACHABLE_CODE = YES;
				CLANG_WARN__DUPLICATE_METHOD_MATCH = YES;
				CODE_SIGN_IDENTITY = "iPhone Developer";
				COPY_PHASE_STRIP = NO;
				DEBUG_INFORMATION_FORMAT = dwarf;
				ENABLE_STRICT_OBJC_MSGSEND = YES;
				ENABLE_TESTABILITY = YES;
				GCC_C_LANGUAGE_STANDARD = gnu11;
				GCC_DYNAMIC_NO_PIC = NO;
				GCC_NO_COMMON_BLOCKS = YES;
				GCC_OPTIMIZATION_LEVEL = 0;
				GCC_PREPROCESSOR_DEFINITIONS = (
					"DEBUG=1",
					"$(inherited)",
				);
				GCC_WARN_64_TO_32_BIT_CONVERSION = YES;
				GCC_WARN_ABOUT_RETURN_TYPE = YES_ERROR;
				GCC_WARN_UNDECLARED_SELECTOR = YES;
				GCC_WARN_UNINITIALIZED_AUTOS = YES_AGGRESSIVE;
				GCC_WARN_UNUSED_FUNCTION = YES;
				GCC_WARN_UNUSED_VARIABLE = YES;
				IPHONEOS_DEPLOYMENT_TARGET = 11.3;
				MTL_ENABLE_DEBUG_INFO = YES;
				ONLY_ACTIVE_ARCH = YES;
				SDKROOT = iphoneos;
				SWIFT_ACTIVE_COMPILATION_CONDITIONS = DEBUG;
				SWIFT_OPTIMIZATION_LEVEL = "-Onone";
			};
			name = Debug;
		};
		8BC98202207AAB0600001EB5 /* Release */ = {
			isa = XCBuildConfiguration;
			buildSettings = {
				ALWAYS_SEARCH_USER_PATHS = NO;
				CLANG_ANALYZER_NONNULL = YES;
				CLANG_ANALYZER_NUMBER_OBJECT_CONVERSION = YES_AGGRESSIVE;
				CLANG_CXX_LANGUAGE_STANDARD = "gnu++14";
				CLANG_CXX_LIBRARY = "libc++";
				CLANG_ENABLE_MODULES = YES;
				CLANG_ENABLE_OBJC_ARC = YES;
				CLANG_ENABLE_OBJC_WEAK = YES;
				CLANG_WARN_BLOCK_CAPTURE_AUTORELEASING = YES;
				CLANG_WARN_BOOL_CONVERSION = YES;
				CLANG_WARN_COMMA = YES;
				CLANG_WARN_CONSTANT_CONVERSION = YES;
				CLANG_WARN_DEPRECATED_OBJC_IMPLEMENTATIONS = YES;
				CLANG_WARN_DIRECT_OBJC_ISA_USAGE = YES_ERROR;
				CLANG_WARN_DOCUMENTATION_COMMENTS = YES;
				CLANG_WARN_EMPTY_BODY = YES;
				CLANG_WARN_ENUM_CONVERSION = YES;
				CLANG_WARN_INFINITE_RECURSION = YES;
				CLANG_WARN_INT_CONVERSION = YES;
				CLANG_WARN_NON_LITERAL_NULL_CONVERSION = YES;
				CLANG_WARN_OBJC_IMPLICIT_RETAIN_SELF = YES;
				CLANG_WARN_OBJC_LITERAL_CONVERSION = YES;
				CLANG_WARN_OBJC_ROOT_CLASS = YES_ERROR;
				CLANG_WARN_RANGE_LOOP_ANALYSIS = YES;
				CLANG_WARN_STRICT_PROTOTYPES = YES;
				CLANG_WARN_SUSPICIOUS_MOVE = YES;
				CLANG_WARN_UNGUARDED_AVAILABILITY = YES_AGGRESSIVE;
				CLANG_WARN_UNREACHABLE_CODE = YES;
				CLANG_WARN__DUPLICATE_METHOD_MATCH = YES;
				CODE_SIGN_IDENTITY = "iPhone Developer";
				COPY_PHASE_STRIP = NO;
				DEBUG_INFORMATION_FORMAT = "dwarf-with-dsym";
				ENABLE_NS_ASSERTIONS = NO;
				ENABLE_STRICT_OBJC_MSGSEND = YES;
				GCC_C_LANGUAGE_STANDARD = gnu11;
				GCC_NO_COMMON_BLOCKS = YES;
				GCC_WARN_64_TO_32_BIT_CONVERSION = YES;
				GCC_WARN_ABOUT_RETURN_TYPE = YES_ERROR;
				GCC_WARN_UNDECLARED_SELECTOR = YES;
				GCC_WARN_UNINITIALIZED_AUTOS = YES_AGGRESSIVE;
				GCC_WARN_UNUSED_FUNCTION = YES;
				GCC_WARN_UNUSED_VARIABLE = YES;
				IPHONEOS_DEPLOYMENT_TARGET = 11.3;
				MTL_ENABLE_DEBUG_INFO = NO;
				SDKROOT = iphoneos;
				SWIFT_COMPILATION_MODE = wholemodule;
				SWIFT_OPTIMIZATION_LEVEL = "-O";
				VALIDATE_PRODUCT = YES;
			};
			name = Release;
		};
		8BC98204207AAB0600001EB5 /* Debug */ = {
			isa = XCBuildConfiguration;
			buildSettings = {
				ASSETCATALOG_COMPILER_APPICON_NAME = AppIcon;
				CODE_SIGN_STYLE = Automatic;
				FRAMEWORK_SEARCH_PATHS = (
					"$(inherited)",
					"$(PROJECT_DIR)/build",
				);
				INFOPLIST_FILE = TwoBitWeather/Info.plist;
				LD_RUNPATH_SEARCH_PATHS = (
					"$(inherited)",
					"@executable_path/Frameworks",
				);
				PRODUCT_BUNDLE_IDENTIFIER = twobitlabs.TwoBitWeather;
				PRODUCT_NAME = "$(TARGET_NAME)";
				SWIFT_VERSION = 4.0;
				TARGETED_DEVICE_FAMILY = "1,2";
			};
			name = Debug;
		};
		8BC98205207AAB0600001EB5 /* Release */ = {
			isa = XCBuildConfiguration;
			buildSettings = {
				ASSETCATALOG_COMPILER_APPICON_NAME = AppIcon;
				CODE_SIGN_STYLE = Automatic;
				FRAMEWORK_SEARCH_PATHS = (
					"$(inherited)",
					"$(PROJECT_DIR)/build",
				);
				INFOPLIST_FILE = TwoBitWeather/Info.plist;
				LD_RUNPATH_SEARCH_PATHS = (
					"$(inherited)",
					"@executable_path/Frameworks",
				);
				PRODUCT_BUNDLE_IDENTIFIER = twobitlabs.TwoBitWeather;
				PRODUCT_NAME = "$(TARGET_NAME)";
				SWIFT_VERSION = 4.0;
				TARGETED_DEVICE_FAMILY = "1,2";
			};
			name = Release;
		};
		8BC98207207AAB0600001EB5 /* Debug */ = {
			isa = XCBuildConfiguration;
			buildSettings = {
				ALWAYS_EMBED_SWIFT_STANDARD_LIBRARIES = YES;
				BUNDLE_LOADER = "$(TEST_HOST)";
				CODE_SIGN_STYLE = Automatic;
				INFOPLIST_FILE = TwoBitWeatherTests/Info.plist;
				LD_RUNPATH_SEARCH_PATHS = (
					"$(inherited)",
					"@executable_path/Frameworks",
					"@loader_path/Frameworks",
				);
				PRODUCT_BUNDLE_IDENTIFIER = twobitlabs.TwoBitWeatherTests;
				PRODUCT_NAME = "$(TARGET_NAME)";
				SWIFT_VERSION = 4.0;
				TARGETED_DEVICE_FAMILY = "1,2";
				TEST_HOST = "$(BUILT_PRODUCTS_DIR)/TwoBitWeather.app/TwoBitWeather";
			};
			name = Debug;
		};
		8BC98208207AAB0600001EB5 /* Release */ = {
			isa = XCBuildConfiguration;
			buildSettings = {
				ALWAYS_EMBED_SWIFT_STANDARD_LIBRARIES = YES;
				BUNDLE_LOADER = "$(TEST_HOST)";
				CODE_SIGN_STYLE = Automatic;
				INFOPLIST_FILE = TwoBitWeatherTests/Info.plist;
				LD_RUNPATH_SEARCH_PATHS = (
					"$(inherited)",
					"@executable_path/Frameworks",
					"@loader_path/Frameworks",
				);
				PRODUCT_BUNDLE_IDENTIFIER = twobitlabs.TwoBitWeatherTests;
				PRODUCT_NAME = "$(TARGET_NAME)";
				SWIFT_VERSION = 4.0;
				TARGETED_DEVICE_FAMILY = "1,2";
				TEST_HOST = "$(BUILT_PRODUCTS_DIR)/TwoBitWeather.app/TwoBitWeather";
			};
			name = Release;
		};
/* End XCBuildConfiguration section */

/* Begin XCConfigurationList section */
		8BC981E1207AAB0500001EB5 /* Build configuration list for PBXProject "TwoBitWeather" */ = {
			isa = XCConfigurationList;
			buildConfigurations = (
				8BC98201207AAB0600001EB5 /* Debug */,
				8BC98202207AAB0600001EB5 /* Release */,
			);
			defaultConfigurationIsVisible = 0;
			defaultConfigurationName = Release;
		};
		8BC98203207AAB0600001EB5 /* Build configuration list for PBXNativeTarget "TwoBitWeather" */ = {
			isa = XCConfigurationList;
			buildConfigurations = (
				8BC98204207AAB0600001EB5 /* Debug */,
				8BC98205207AAB0600001EB5 /* Release */,
			);
			defaultConfigurationIsVisible = 0;
			defaultConfigurationName = Release;
		};
		8BC98206207AAB0600001EB5 /* Build configuration list for PBXNativeTarget "TwoBitWeatherTests" */ = {
			isa = XCConfigurationList;
			buildConfigurations = (
				8BC98207207AAB0600001EB5 /* Debug */,
				8BC98208207AAB0600001EB5 /* Release */,
			);
			defaultConfigurationIsVisible = 0;
			defaultConfigurationName = Release;
		};
/* End XCConfigurationList section */
	};
	rootObject = 8BC981DE207AAB0500001EB5 /* Project object */;
}
